// !$*UTF8*$!
{
	archiveVersion = 1;
	classes = {
	};
	objectVersion = 46;
	objects = {

/* Begin PBXBuildFile section */
		7C5FACEB1AEBA39000E12DF0 /* Group.swift in Sources */ = {isa = PBXBuildFile; fileRef = 7C5FACE61AEBA39000E12DF0 /* Group.swift */; };
		7C5FACEC1AEBA39000E12DF0 /* Groups.swift in Sources */ = {isa = PBXBuildFile; fileRef = 7C5FACE71AEBA39000E12DF0 /* Groups.swift */; };
		7C5FACED1AEBA39000E12DF0 /* MoneyTransfer.swift in Sources */ = {isa = PBXBuildFile; fileRef = 7C5FACE81AEBA39000E12DF0 /* MoneyTransfer.swift */; };
		7C5FACEE1AEBA39000E12DF0 /* User.swift in Sources */ = {isa = PBXBuildFile; fileRef = 7C5FACE91AEBA39000E12DF0 /* User.swift */; };
		7C5FACEF1AEBA39000E12DF0 /* UsersInTransfers.swift in Sources */ = {isa = PBXBuildFile; fileRef = 7C5FACEA1AEBA39000E12DF0 /* UsersInTransfers.swift */; };
		7C5FAD851AEBE4F600E12DF0 /* AddTransferTableViewController.swift in Sources */ = {isa = PBXBuildFile; fileRef = 7C5FAD841AEBE4F600E12DF0 /* AddTransferTableViewController.swift */; };
		7CD2C7F41ADD47DC00A2096E /* AppDelegate.swift in Sources */ = {isa = PBXBuildFile; fileRef = 7CD2C7F31ADD47DC00A2096E /* AppDelegate.swift */; };
		7CD2C7FB1ADD47DC00A2096E /* Main.storyboard in Resources */ = {isa = PBXBuildFile; fileRef = 7CD2C7F91ADD47DC00A2096E /* Main.storyboard */; };
		7CD2C7FD1ADD47DC00A2096E /* Images.xcassets in Resources */ = {isa = PBXBuildFile; fileRef = 7CD2C7FC1ADD47DC00A2096E /* Images.xcassets */; };
		7CD2C8001ADD47DC00A2096E /* LaunchScreen.xib in Resources */ = {isa = PBXBuildFile; fileRef = 7CD2C7FE1ADD47DC00A2096E /* LaunchScreen.xib */; };
		7CD2C80C1ADD47DC00A2096E /* DebtsTests.swift in Sources */ = {isa = PBXBuildFile; fileRef = 7CD2C80B1ADD47DC00A2096E /* DebtsTests.swift */; };
		7CDF66661AE80FEC00FE3E83 /* GroupOverviewTableViewController.swift in Sources */ = {isa = PBXBuildFile; fileRef = 7CDF66651AE80FEC00FE3E83 /* GroupOverviewTableViewController.swift */; };
		7CDF666A1AE8113600FE3E83 /* GroupDescriptionViewController.swift in Sources */ = {isa = PBXBuildFile; fileRef = 7CDF66691AE8113600FE3E83 /* GroupDescriptionViewController.swift */; };
		7CF965851AECF62B0020A023 /* TransferDetailTableViewController.swift in Sources */ = {isa = PBXBuildFile; fileRef = 7CF965841AECF62B0020A023 /* TransferDetailTableViewController.swift */; };
/* End PBXBuildFile section */

/* Begin PBXContainerItemProxy section */
		7CD2C8061ADD47DC00A2096E /* PBXContainerItemProxy */ = {
			isa = PBXContainerItemProxy;
			containerPortal = 7CD2C7E61ADD47DC00A2096E /* Project object */;
			proxyType = 1;
			remoteGlobalIDString = 7CD2C7ED1ADD47DC00A2096E;
			remoteInfo = Debts;
		};
/* End PBXContainerItemProxy section */

/* Begin PBXFileReference section */
		7C5FACE21AEB9AA100E12DF0 /* MyPlayground.playground */ = {isa = PBXFileReference; lastKnownFileType = file.playground; path = MyPlayground.playground; sourceTree = "<group>"; };
		7C5FACE61AEBA39000E12DF0 /* Group.swift */ = {isa = PBXFileReference; fileEncoding = 4; lastKnownFileType = sourcecode.swift; path = Group.swift; sourceTree = "<group>"; };
		7C5FACE71AEBA39000E12DF0 /* Groups.swift */ = {isa = PBXFileReference; fileEncoding = 4; lastKnownFileType = sourcecode.swift; path = Groups.swift; sourceTree = "<group>"; };
		7C5FACE81AEBA39000E12DF0 /* MoneyTransfer.swift */ = {isa = PBXFileReference; fileEncoding = 4; lastKnownFileType = sourcecode.swift; path = MoneyTransfer.swift; sourceTree = "<group>"; };
		7C5FACE91AEBA39000E12DF0 /* User.swift */ = {isa = PBXFileReference; fileEncoding = 4; lastKnownFileType = sourcecode.swift; path = User.swift; sourceTree = "<group>"; };
		7C5FACEA1AEBA39000E12DF0 /* UsersInTransfers.swift */ = {isa = PBXFileReference; fileEncoding = 4; lastKnownFileType = sourcecode.swift; path = UsersInTransfers.swift; sourceTree = "<group>"; };
		7C5FAD841AEBE4F600E12DF0 /* AddTransferTableViewController.swift */ = {isa = PBXFileReference; fileEncoding = 4; lastKnownFileType = sourcecode.swift; path = AddTransferTableViewController.swift; sourceTree = "<group>"; };
		7CD2C7EE1ADD47DC00A2096E /* Debts.app */ = {isa = PBXFileReference; explicitFileType = wrapper.application; includeInIndex = 0; path = Debts.app; sourceTree = BUILT_PRODUCTS_DIR; };
		7CD2C7F21ADD47DC00A2096E /* Info.plist */ = {isa = PBXFileReference; lastKnownFileType = text.plist.xml; path = Info.plist; sourceTree = "<group>"; };
		7CD2C7F31ADD47DC00A2096E /* AppDelegate.swift */ = {isa = PBXFileReference; lastKnownFileType = sourcecode.swift; path = AppDelegate.swift; sourceTree = "<group>"; };
		7CD2C7FA1ADD47DC00A2096E /* Base */ = {isa = PBXFileReference; lastKnownFileType = file.storyboard; name = Base; path = Base.lproj/Main.storyboard; sourceTree = "<group>"; };
		7CD2C7FC1ADD47DC00A2096E /* Images.xcassets */ = {isa = PBXFileReference; lastKnownFileType = folder.assetcatalog; path = Images.xcassets; sourceTree = "<group>"; };
		7CD2C7FF1ADD47DC00A2096E /* Base */ = {isa = PBXFileReference; lastKnownFileType = file.xib; name = Base; path = Base.lproj/LaunchScreen.xib; sourceTree = "<group>"; };
		7CD2C8051ADD47DC00A2096E /* DebtsTests.xctest */ = {isa = PBXFileReference; explicitFileType = wrapper.cfbundle; includeInIndex = 0; path = DebtsTests.xctest; sourceTree = BUILT_PRODUCTS_DIR; };
		7CD2C80A1ADD47DC00A2096E /* Info.plist */ = {isa = PBXFileReference; lastKnownFileType = text.plist.xml; path = Info.plist; sourceTree = "<group>"; };
		7CD2C80B1ADD47DC00A2096E /* DebtsTests.swift */ = {isa = PBXFileReference; lastKnownFileType = sourcecode.swift; path = DebtsTests.swift; sourceTree = "<group>"; };
		7CDF66651AE80FEC00FE3E83 /* GroupOverviewTableViewController.swift */ = {isa = PBXFileReference; fileEncoding = 4; lastKnownFileType = sourcecode.swift; path = GroupOverviewTableViewController.swift; sourceTree = "<group>"; };
		7CDF66691AE8113600FE3E83 /* GroupDescriptionViewController.swift */ = {isa = PBXFileReference; fileEncoding = 4; lastKnownFileType = sourcecode.swift; path = GroupDescriptionViewController.swift; sourceTree = "<group>"; };
		7CF965841AECF62B0020A023 /* TransferDetailTableViewController.swift */ = {isa = PBXFileReference; fileEncoding = 4; lastKnownFileType = sourcecode.swift; path = TransferDetailTableViewController.swift; sourceTree = "<group>"; };
/* End PBXFileReference section */

/* Begin PBXFrameworksBuildPhase section */
		7CD2C7EB1ADD47DC00A2096E /* Frameworks */ = {
			isa = PBXFrameworksBuildPhase;
			buildActionMask = 2147483647;
			files = (
			);
			runOnlyForDeploymentPostprocessing = 0;
		};
		7CD2C8021ADD47DC00A2096E /* Frameworks */ = {
			isa = PBXFrameworksBuildPhase;
			buildActionMask = 2147483647;
			files = (
			);
			runOnlyForDeploymentPostprocessing = 0;
		};
/* End PBXFrameworksBuildPhase section */

/* Begin PBXGroup section */
		7C5FACE51AEBA39000E12DF0 /* Model */ = {
			isa = PBXGroup;
			children = (
				7C5FACE71AEBA39000E12DF0 /* Groups.swift */,
				7C5FACE61AEBA39000E12DF0 /* Group.swift */,
				7C5FACE91AEBA39000E12DF0 /* User.swift */,
				7C5FACE81AEBA39000E12DF0 /* MoneyTransfer.swift */,
				7C5FACEA1AEBA39000E12DF0 /* UsersInTransfers.swift */,
			);
			path = Model;
			sourceTree = "<group>";
		};
		7CD2C7E51ADD47DC00A2096E = {
			isa = PBXGroup;
			children = (
				7CD2C7F01ADD47DC00A2096E /* Debts */,
				7CD2C8081ADD47DC00A2096E /* DebtsTests */,
				7CD2C7EF1ADD47DC00A2096E /* Products */,
				7C5FACE21AEB9AA100E12DF0 /* MyPlayground.playground */,
			);
			sourceTree = "<group>";
		};
		7CD2C7EF1ADD47DC00A2096E /* Products */ = {
			isa = PBXGroup;
			children = (
				7CD2C7EE1ADD47DC00A2096E /* Debts.app */,
				7CD2C8051ADD47DC00A2096E /* DebtsTests.xctest */,
			);
			name = Products;
			sourceTree = "<group>";
		};
		7CD2C7F01ADD47DC00A2096E /* Debts */ = {
			isa = PBXGroup;
			children = (
				7CD2C7F31ADD47DC00A2096E /* AppDelegate.swift */,
				7CDF66651AE80FEC00FE3E83 /* GroupOverviewTableViewController.swift */,
				7CDF66691AE8113600FE3E83 /* GroupDescriptionViewController.swift */,
				7C5FAD841AEBE4F600E12DF0 /* AddTransferTableViewController.swift */,
				7CF965841AECF62B0020A023 /* TransferDetailTableViewController.swift */,
				7CD2C7F91ADD47DC00A2096E /* Main.storyboard */,
				7CD2C7FE1ADD47DC00A2096E /* LaunchScreen.xib */,
				7C5FACE51AEBA39000E12DF0 /* Model */,
				7CD2C7FC1ADD47DC00A2096E /* Images.xcassets */,
				7CD2C7F11ADD47DC00A2096E /* Supporting Files */,
			);
			path = Debts;
			sourceTree = "<group>";
		};
		7CD2C7F11ADD47DC00A2096E /* Supporting Files */ = {
			isa = PBXGroup;
			children = (
				7CD2C7F21ADD47DC00A2096E /* Info.plist */,
			);
			name = "Supporting Files";
			sourceTree = "<group>";
		};
		7CD2C8081ADD47DC00A2096E /* DebtsTests */ = {
			isa = PBXGroup;
			children = (
				7CD2C80B1ADD47DC00A2096E /* DebtsTests.swift */,
				7CD2C8091ADD47DC00A2096E /* Supporting Files */,
			);
			path = DebtsTests;
			sourceTree = "<group>";
		};
		7CD2C8091ADD47DC00A2096E /* Supporting Files */ = {
			isa = PBXGroup;
			children = (
				7CD2C80A1ADD47DC00A2096E /* Info.plist */,
			);
			name = "Supporting Files";
			sourceTree = "<group>";
		};
/* End PBXGroup section */

/* Begin PBXNativeTarget section */
		7CD2C7ED1ADD47DC00A2096E /* Debts */ = {
			isa = PBXNativeTarget;
			buildConfigurationList = 7CD2C80F1ADD47DC00A2096E /* Build configuration list for PBXNativeTarget "Debts" */;
			buildPhases = (
				7CD2C7EA1ADD47DC00A2096E /* Sources */,
				7CD2C7EB1ADD47DC00A2096E /* Frameworks */,
				7CD2C7EC1ADD47DC00A2096E /* Resources */,
			);
			buildRules = (
			);
			dependencies = (
			);
			name = Debts;
			productName = Debts;
			productReference = 7CD2C7EE1ADD47DC00A2096E /* Debts.app */;
			productType = "com.apple.product-type.application";
		};
		7CD2C8041ADD47DC00A2096E /* DebtsTests */ = {
			isa = PBXNativeTarget;
			buildConfigurationList = 7CD2C8121ADD47DC00A2096E /* Build configuration list for PBXNativeTarget "DebtsTests" */;
			buildPhases = (
				7CD2C8011ADD47DC00A2096E /* Sources */,
				7CD2C8021ADD47DC00A2096E /* Frameworks */,
				7CD2C8031ADD47DC00A2096E /* Resources */,
			);
			buildRules = (
			);
			dependencies = (
				7CD2C8071ADD47DC00A2096E /* PBXTargetDependency */,
			);
			name = DebtsTests;
			productName = DebtsTests;
			productReference = 7CD2C8051ADD47DC00A2096E /* DebtsTests.xctest */;
			productType = "com.apple.product-type.bundle.unit-test";
		};
/* End PBXNativeTarget section */

/* Begin PBXProject section */
		7CD2C7E61ADD47DC00A2096E /* Project object */ = {
			isa = PBXProject;
			attributes = {
				LastUpgradeCheck = 0630;
				ORGANIZATIONNAME = "Anna Muenster";
				TargetAttributes = {
					7CD2C7ED1ADD47DC00A2096E = {
						CreatedOnToolsVersion = 6.3;
					};
					7CD2C8041ADD47DC00A2096E = {
						CreatedOnToolsVersion = 6.3;
						TestTargetID = 7CD2C7ED1ADD47DC00A2096E;
					};
				};
			};
			buildConfigurationList = 7CD2C7E91ADD47DC00A2096E /* Build configuration list for PBXProject "Debts" */;
			compatibilityVersion = "Xcode 3.2";
			developmentRegion = English;
			hasScannedForEncodings = 0;
			knownRegions = (
				en,
				Base,
			);
			mainGroup = 7CD2C7E51ADD47DC00A2096E;
			productRefGroup = 7CD2C7EF1ADD47DC00A2096E /* Products */;
			projectDirPath = "";
			projectRoot = "";
			targets = (
				7CD2C7ED1ADD47DC00A2096E /* Debts */,
				7CD2C8041ADD47DC00A2096E /* DebtsTests */,
			);
		};
/* End PBXProject section */

/* Begin PBXResourcesBuildPhase section */
		7CD2C7EC1ADD47DC00A2096E /* Resources */ = {
			isa = PBXResourcesBuildPhase;
			buildActionMask = 2147483647;
			files = (
				7CD2C7FB1ADD47DC00A2096E /* Main.storyboard in Resources */,
				7CD2C8001ADD47DC00A2096E /* LaunchScreen.xib in Resources */,
				7CD2C7FD1ADD47DC00A2096E /* Images.xcassets in Resources */,
			);
			runOnlyForDeploymentPostprocessing = 0;
		};
		7CD2C8031ADD47DC00A2096E /* Resources */ = {
			isa = PBXResourcesBuildPhase;
			buildActionMask = 2147483647;
			files = (
			);
			runOnlyForDeploymentPostprocessing = 0;
		};
/* End PBXResourcesBuildPhase section */

/* Begin PBXSourcesBuildPhase section */
		7CD2C7EA1ADD47DC00A2096E /* Sources */ = {
			isa = PBXSourcesBuildPhase;
			buildActionMask = 2147483647;
			files = (
				7CDF66661AE80FEC00FE3E83 /* GroupOverviewTableViewController.swift in Sources */,
				7C5FACEF1AEBA39000E12DF0 /* UsersInTransfers.swift in Sources */,
				7C5FAD851AEBE4F600E12DF0 /* AddTransferTableViewController.swift in Sources */,
				7CD2C7F41ADD47DC00A2096E /* AppDelegate.swift in Sources */,
				7C5FACEB1AEBA39000E12DF0 /* Group.swift in Sources */,
				7C5FACEE1AEBA39000E12DF0 /* User.swift in Sources */,
				7C5FACED1AEBA39000E12DF0 /* MoneyTransfer.swift in Sources */,
				7CDF666A1AE8113600FE3E83 /* GroupDescriptionViewController.swift in Sources */,
				7C5FACEC1AEBA39000E12DF0 /* Groups.swift in Sources */,
				7CF965851AECF62B0020A023 /* TransferDetailTableViewController.swift in Sources */,
			);
			runOnlyForDeploymentPostprocessing = 0;
		};
		7CD2C8011ADD47DC00A2096E /* Sources */ = {
			isa = PBXSourcesBuildPhase;
			buildActionMask = 2147483647;
			files = (
				7CD2C80C1ADD47DC00A2096E /* DebtsTests.swift in Sources */,
			);
			runOnlyForDeploymentPostprocessing = 0;
		};
/* End PBXSourcesBuildPhase section */

/* Begin PBXTargetDependency section */
		7CD2C8071ADD47DC00A2096E /* PBXTargetDependency */ = {
			isa = PBXTargetDependency;
			target = 7CD2C7ED1ADD47DC00A2096E /* Debts */;
			targetProxy = 7CD2C8061ADD47DC00A2096E /* PBXContainerItemProxy */;
		};
/* End PBXTargetDependency section */

/* Begin PBXVariantGroup section */
		7CD2C7F91ADD47DC00A2096E /* Main.storyboard */ = {
			isa = PBXVariantGroup;
			children = (
				7CD2C7FA1ADD47DC00A2096E /* Base */,
			);
			name = Main.storyboard;
			sourceTree = "<group>";
		};
		7CD2C7FE1ADD47DC00A2096E /* LaunchScreen.xib */ = {
			isa = PBXVariantGroup;
			children = (
				7CD2C7FF1ADD47DC00A2096E /* Base */,
			);
			name = LaunchScreen.xib;
			sourceTree = "<group>";
		};
/* End PBXVariantGroup section */

/* Begin XCBuildConfiguration section */
		7CD2C80D1ADD47DC00A2096E /* Debug */ = {
			isa = XCBuildConfiguration;
			buildSettings = {
				ALWAYS_SEARCH_USER_PATHS = NO;
				CLANG_CXX_LANGUAGE_STANDARD = "gnu++0x";
				CLANG_CXX_LIBRARY = "libc++";
				CLANG_ENABLE_MODULES = YES;
				CLANG_ENABLE_OBJC_ARC = YES;
				CLANG_WARN_BOOL_CONVERSION = YES;
				CLANG_WARN_CONSTANT_CONVERSION = YES;
				CLANG_WARN_DIRECT_OBJC_ISA_USAGE = YES_ERROR;
				CLANG_WARN_EMPTY_BODY = YES;
				CLANG_WARN_ENUM_CONVERSION = YES;
				CLANG_WARN_INT_CONVERSION = YES;
				CLANG_WARN_OBJC_ROOT_CLASS = YES_ERROR;
				CLANG_WARN_UNREACHABLE_CODE = YES;
				CLANG_WARN__DUPLICATE_METHOD_MATCH = YES;
				"CODE_SIGN_IDENTITY[sdk=iphoneos*]" = "iPhone Developer";
				COPY_PHASE_STRIP = NO;
				DEBUG_INFORMATION_FORMAT = "dwarf-with-dsym";
				ENABLE_STRICT_OBJC_MSGSEND = YES;
				GCC_C_LANGUAGE_STANDARD = gnu99;
				GCC_DYNAMIC_NO_PIC = NO;
				GCC_NO_COMMON_BLOCKS = YES;
				GCC_OPTIMIZATION_LEVEL = 0;
				GCC_PREPROCESSOR_DEFINITIONS = (
					"DEBUG=1",
					"$(inherited)",
				);
				GCC_SYMBOLS_PRIVATE_EXTERN = NO;
				GCC_WARN_64_TO_32_BIT_CONVERSION = YES;
				GCC_WARN_ABOUT_RETURN_TYPE = YES_ERROR;
				GCC_WARN_UNDECLARED_SELECTOR = YES;
				GCC_WARN_UNINITIALIZED_AUTOS = YES_AGGRESSIVE;
				GCC_WARN_UNUSED_FUNCTION = YES;
				GCC_WARN_UNUSED_VARIABLE = YES;
				IPHONEOS_DEPLOYMENT_TARGET = 8.3;
				MTL_ENABLE_DEBUG_INFO = YES;
				ONLY_ACTIVE_ARCH = YES;
				SDKROOT = iphoneos;
				SWIFT_OPTIMIZATION_LEVEL = "-Onone";
			};
			name = Debug;
		};
		7CD2C80E1ADD47DC00A2096E /* Release */ = {
			isa = XCBuildConfiguration;
			buildSettings = {
				ALWAYS_SEARCH_USER_PATHS = NO;
				CLANG_CXX_LANGUAGE_STANDARD = "gnu++0x";
				CLANG_CXX_LIBRARY = "libc++";
				CLANG_ENABLE_MODULES = YES;
				CLANG_ENABLE_OBJC_ARC = YES;
				CLANG_WARN_BOOL_CONVERSION = YES;
				CLANG_WARN_CONSTANT_CONVERSION = YES;
				CLANG_WARN_DIRECT_OBJC_ISA_USAGE = YES_ERROR;
				CLANG_WARN_EMPTY_BODY = YES;
				CLANG_WARN_ENUM_CONVERSION = YES;
				CLANG_WARN_INT_CONVERSION = YES;
				CLANG_WARN_OBJC_ROOT_CLASS = YES_ERROR;
				CLANG_WARN_UNREACHABLE_CODE = YES;
				CLANG_WARN__DUPLICATE_METHOD_MATCH = YES;
				"CODE_SIGN_IDENTITY[sdk=iphoneos*]" = "iPhone Developer";
				COPY_PHASE_STRIP = NO;
				DEBUG_INFORMATION_FORMAT = "dwarf-with-dsym";
				ENABLE_NS_ASSERTIONS = NO;
				ENABLE_STRICT_OBJC_MSGSEND = YES;
				GCC_C_LANGUAGE_STANDARD = gnu99;
				GCC_NO_COMMON_BLOCKS = YES;
				GCC_WARN_64_TO_32_BIT_CONVERSION = YES;
				GCC_WARN_ABOUT_RETURN_TYPE = YES_ERROR;
				GCC_WARN_UNDECLARED_SELECTOR = YES;
				GCC_WARN_UNINITIALIZED_AUTOS = YES_AGGRESSIVE;
				GCC_WARN_UNUSED_FUNCTION = YES;
				GCC_WARN_UNUSED_VARIABLE = YES;
				IPHONEOS_DEPLOYMENT_TARGET = 8.3;
				MTL_ENABLE_DEBUG_INFO = NO;
				SDKROOT = iphoneos;
				VALIDATE_PRODUCT = YES;
			};
			name = Release;
		};
		7CD2C8101ADD47DC00A2096E /* Debug */ = {
			isa = XCBuildConfiguration;
			buildSettings = {
				ASSETCATALOG_COMPILER_APPICON_NAME = AppIcon;
				INFOPLIST_FILE = Debts/Info.plist;
				LD_RUNPATH_SEARCH_PATHS = "$(inherited) @executable_path/Frameworks";
				PRODUCT_NAME = "$(TARGET_NAME)";
			};
			name = Debug;
		};
		7CD2C8111ADD47DC00A2096E /* Release */ = {
			isa = XCBuildConfiguration;
			buildSettings = {
				ASSETCATALOG_COMPILER_APPICON_NAME = AppIcon;
				INFOPLIST_FILE = Debts/Info.plist;
				LD_RUNPATH_SEARCH_PATHS = "$(inherited) @executable_path/Frameworks";
				PRODUCT_NAME = "$(TARGET_NAME)";
			};
			name = Release;
		};
		7CD2C8131ADD47DC00A2096E /* Debug */ = {
			isa = XCBuildConfiguration;
			buildSettings = {
				BUNDLE_LOADER = "$(TEST_HOST)";
				FRAMEWORK_SEARCH_PATHS = (
					"$(SDKROOT)/Developer/Library/Frameworks",
					"$(inherited)",
				);
				GCC_PREPROCESSOR_DEFINITIONS = (
					"DEBUG=1",
					"$(inherited)",
				);
				INFOPLIST_FILE = DebtsTests/Info.plist;
				LD_RUNPATH_SEARCH_PATHS = "$(inherited) @executable_path/Frameworks @loader_path/Frameworks";
				PRODUCT_NAME = "$(TARGET_NAME)";
				TEST_HOST = "$(BUILT_PRODUCTS_DIR)/Debts.app/Debts";
			};
			name = Debug;
		};
		7CD2C8141ADD47DC00A2096E /* Release */ = {
			isa = XCBuildConfiguration;
			buildSettings = {
				BUNDLE_LOADER = "$(TEST_HOST)";
				FRAMEWORK_SEARCH_PATHS = (
					"$(SDKROOT)/Developer/Library/Frameworks",
					"$(inherited)",
				);
				INFOPLIST_FILE = DebtsTests/Info.plist;
				LD_RUNPATH_SEARCH_PATHS = "$(inherited) @executable_path/Frameworks @loader_path/Frameworks";
				PRODUCT_NAME = "$(TARGET_NAME)";
				TEST_HOST = "$(BUILT_PRODUCTS_DIR)/Debts.app/Debts";
			};
			name = Release;
		};
/* End XCBuildConfiguration section */

/* Begin XCConfigurationList section */
		7CD2C7E91ADD47DC00A2096E /* Build configuration list for PBXProject "Debts" */ = {
			isa = XCConfigurationList;
			buildConfigurations = (
				7CD2C80D1ADD47DC00A2096E /* Debug */,
				7CD2C80E1ADD47DC00A2096E /* Release */,
			);
			defaultConfigurationIsVisible = 0;
			defaultConfigurationName = Release;
		};
		7CD2C80F1ADD47DC00A2096E /* Build configuration list for PBXNativeTarget "Debts" */ = {
			isa = XCConfigurationList;
			buildConfigurations = (
				7CD2C8101ADD47DC00A2096E /* Debug */,
				7CD2C8111ADD47DC00A2096E /* Release */,
			);
			defaultConfigurationIsVisible = 0;
			defaultConfigurationName = Release;
		};
		7CD2C8121ADD47DC00A2096E /* Build configuration list for PBXNativeTarget "DebtsTests" */ = {
			isa = XCConfigurationList;
			buildConfigurations = (
				7CD2C8131ADD47DC00A2096E /* Debug */,
				7CD2C8141ADD47DC00A2096E /* Release */,
			);
			defaultConfigurationIsVisible = 0;
			defaultConfigurationName = Release;
		};
/* End XCConfigurationList section */
	};
	rootObject = 7CD2C7E61ADD47DC00A2096E /* Project object */;
}
